
Microsoft Visual Studio Solution File, Format Version 12.00
# Visual Studio Version 17
VisualStudioVersion = 17.8.34525.116
MinimumVisualStudioVersion = 10.0.40219.1
Project("{9A19103F-16F7-4668-BE54-9A1E7A4F7556}") = "Entities", "Entities\Entities.csproj", "{FD8FABF9-8146-4A49-A2CA-B5ADB8828283}"
EndProject
Project("{9A19103F-16F7-4668-BE54-9A1E7A4F7556}") = "DataAccess", "DataAccess\DataAccess.csproj", "{250D64C0-01E6-4F26-AAF1-65C2EC0EA48C}"
EndProject
Project("{9A19103F-16F7-4668-BE54-9A1E7A4F7556}") = "Business", "Business\Business.csproj", "{9E4DDF43-8F7D-4433-AE8E-32F309C7C9A8}"
EndProject
Project("{9A19103F-16F7-4668-BE54-9A1E7A4F7556}") = "WebAPI", "WebApi\WebAPI.csproj", "{1A9BAC6A-F21B-453C-9F03-E965E19E41E0}"
EndProject
Project("{9A19103F-16F7-4668-BE54-9A1E7A4F7556}") = "Core", "Core\Core.csproj", "{C618EAC8-48CF-45B9-BA59-C1D5634B7E70}"
EndProject
Global
	GlobalSection(SolutionConfigurationPlatforms) = preSolution
		Debug|Any CPU = Debug|Any CPU
		Release|Any CPU = Release|Any CPU
	EndGlobalSection
	GlobalSection(ProjectConfigurationPlatforms) = postSolution
		{FD8FABF9-8146-4A49-A2CA-B5ADB8828283}.Debug|Any CPU.ActiveCfg = Debug|Any CPU
		{FD8FABF9-8146-4A49-A2CA-B5ADB8828283}.Debug|Any CPU.Build.0 = Debug|Any CPU
		{FD8FABF9-8146-4A49-A2CA-B5ADB8828283}.Release|Any CPU.ActiveCfg = Release|Any CPU
		{FD8FABF9-8146-4A49-A2CA-B5ADB8828283}.Release|Any CPU.Build.0 = Release|Any CPU
		{250D64C0-01E6-4F26-AAF1-65C2EC0EA48C}.Debug|Any CPU.ActiveCfg = Debug|Any CPU
		{250D64C0-01E6-4F26-AAF1-65C2EC0EA48C}.Debug|Any CPU.Build.0 = Debug|Any CPU
		{250D64C0-01E6-4F26-AAF1-65C2EC0EA48C}.Release|Any CPU.ActiveCfg = Release|Any CPU
		{250D64C0-01E6-4F26-AAF1-65C2EC0EA48C}.Release|Any CPU.Build.0 = Release|Any CPU
		{9E4DDF43-8F7D-4433-AE8E-32F309C7C9A8}.Debug|Any CPU.ActiveCfg = Debug|Any CPU
		{9E4DDF43-8F7D-4433-AE8E-32F309C7C9A8}.Debug|Any CPU.Build.0 = Debug|Any CPU
		{9E4DDF43-8F7D-4433-AE8E-32F309C7C9A8}.Release|Any CPU.ActiveCfg = Release|Any CPU
		{9E4DDF43-8F7D-4433-AE8E-32F309C7C9A8}.Release|Any CPU.Build.0 = Release|Any CPU
		{1A9BAC6A-F21B-453C-9F03-E965E19E41E0}.Debug|Any CPU.ActiveCfg = Debug|Any CPU
		{1A9BAC6A-F21B-453C-9F03-E965E19E41E0}.Debug|Any CPU.Build.0 = Debug|Any CPU
		{1A9BAC6A-F21B-453C-9F03-E965E19E41E0}.Release|Any CPU.ActiveCfg = Release|Any CPU
		{1A9BAC6A-F21B-453C-9F03-E965E19E41E0}.Release|Any CPU.Build.0 = Release|Any CPU
		{C618EAC8-48CF-45B9-BA59-C1D5634B7E70}.Debug|Any CPU.ActiveCfg = Debug|Any CPU
		{C618EAC8-48CF-45B9-BA59-C1D5634B7E70}.Debug|Any CPU.Build.0 = Debug|Any CPU
		{C618EAC8-48CF-45B9-BA59-C1D5634B7E70}.Release|Any CPU.ActiveCfg = Release|Any CPU
		{C618EAC8-48CF-45B9-BA59-C1D5634B7E70}.Release|Any CPU.Build.0 = Release|Any CPU
	EndGlobalSection
	GlobalSection(SolutionProperties) = preSolution
		HideSolutionNode = FALSE
	EndGlobalSection
	GlobalSection(ExtensibilityGlobals) = postSolution
		SolutionGuid = {0FD56747-8601-4591-9C36-B8B2C6D04ACF}
	EndGlobalSection
EndGlobal
